
Microsoft Visual Studio Solution File, Format Version 12.00
# Visual Studio 15
VisualStudioVersion = 15.0.27428.2043
MinimumVisualStudioVersion = 10.0.40219.1
Project("{FAE04EC0-301F-11D3-BF4B-00C04F79EFBC}") = "WinCacheGrind2", "forms\WinCacheGrind2\WinCacheGrind2.csproj", "{1A725376-4232-4A03-8485-139CA79531AF}"
EndProject
Project("{FAE04EC0-301F-11D3-BF4B-00C04F79EFBC}") = "cacherClasses", "classes\cacherClasses\cacherClasses.csproj", "{108FE5D8-C7C0-4BB4-BDE6-05767F53186B}"
EndProject
Project("{FAE04EC0-301F-11D3-BF4B-00C04F79EFBC}") = "ConsoleApp1", "Forms\WinCacheGrindConsoleApp\ConsoleApp1\ConsoleApp1.csproj", "{F1E484C2-4E31-4A30-85FA-E6E52285CCA6}"
EndProject
Global
	GlobalSection(SolutionConfigurationPlatforms) = preSolution
		Debug|Any CPU = Debug|Any CPU
		Release|Any CPU = Release|Any CPU
	EndGlobalSection
	GlobalSection(ProjectConfigurationPlatforms) = postSolution
		{1A725376-4232-4A03-8485-139CA79531AF}.Debug|Any CPU.ActiveCfg = Debug|Any CPU
		{1A725376-4232-4A03-8485-139CA79531AF}.Debug|Any CPU.Build.0 = Debug|Any CPU
		{1A725376-4232-4A03-8485-139CA79531AF}.Release|Any CPU.ActiveCfg = Release|Any CPU
		{1A725376-4232-4A03-8485-139CA79531AF}.Release|Any CPU.Build.0 = Release|Any CPU
		{108FE5D8-C7C0-4BB4-BDE6-05767F53186B}.Debug|Any CPU.ActiveCfg = Debug|Any CPU
		{108FE5D8-C7C0-4BB4-BDE6-05767F53186B}.Debug|Any CPU.Build.0 = Debug|Any CPU
		{108FE5D8-C7C0-4BB4-BDE6-05767F53186B}.Release|Any CPU.ActiveCfg = Release|Any CPU
		{108FE5D8-C7C0-4BB4-BDE6-05767F53186B}.Release|Any CPU.Build.0 = Release|Any CPU
		{F1E484C2-4E31-4A30-85FA-E6E52285CCA6}.Debug|Any CPU.ActiveCfg = Debug|Any CPU
		{F1E484C2-4E31-4A30-85FA-E6E52285CCA6}.Debug|Any CPU.Build.0 = Debug|Any CPU
		{F1E484C2-4E31-4A30-85FA-E6E52285CCA6}.Release|Any CPU.ActiveCfg = Release|Any CPU
		{F1E484C2-4E31-4A30-85FA-E6E52285CCA6}.Release|Any CPU.Build.0 = Release|Any CPU
	EndGlobalSection
	GlobalSection(SolutionProperties) = preSolution
		HideSolutionNode = FALSE
	EndGlobalSection
	GlobalSection(ExtensibilityGlobals) = postSolution
		SolutionGuid = {7B2EC285-2E61-4FE4-BB8B-8C0A611F449F}
	EndGlobalSection
EndGlobal
